<Solution>
  <Configurations>
    <Platform Name="Any CPU" />
    <Platform Name="x64" />
    <Platform Name="x86" />
  </Configurations>
  <Folder Name="/Task0/">
    <Project Path="Tyuiu.IlinykhNA.Sprint0.Task0.V0/Tyuiu.IlinykhNA.Sprint0.Task0.V0.vcxproj" Id="e24d48a4-f93d-48f7-b033-f1f323434cb8" />
  </Folder>
  <Folder Name="/Task1/">
    <Project Path="Tyuiu.IlinykhNA.Sprint0.Task1.V0/Tyuiu.IlinykhNA.Sprint0.Task1.V0.vcxproj" Id="672ff379-4281-4e43-bf0b-d176d606e68f" />
  </Folder>
  <Folder Name="/Task2/">
    <Project Path="Tyuiu.IlinykhNA.Sprint0.Task2.V0.Lib/Tyuiu.IlinykhNA.Sprint0.Task2.V0.Lib.vcxproj" Id="a00a00ec-d3b3-4145-b278-9fab7adb3ce0" />
    <Project Path="Tyuiu.IlinykhNA.Sprint0.Task2.V0/Tyuiu.IlinykhNA.Sprint0.Task2.V0.vcxproj" Id="f0dc6df0-a7b1-4f9e-8064-a73c2e9b279c" />
    <Project Path="Tyuiu.IlinykhNA.Sprint0.Test2.V0.Test/Tyuiu.IlinykhNA.Sprint0.Test2.V0.Test.vcxproj" />
  </Folder>
  <Folder Name="/Task3/">
    <Project Path="Tyuiu.IlinykhNA.Sprint0.Tak3.V0.Lib/Tyuiu.IlinykhNA.Sprint0.Tak3.V0.Lib.vcxproj" Id="d2bf6549-a1ff-4ab3-8853-7973a9c3acbd" />
    <Project Path="Tyuiu.IlinykhNA.Sprint0.Task3.V0.Test/Tyuiu.IlinykhNA.Sprint0.Task3.V0.Test.vcxproj" />
    <Project Path="Tyuiu.IlinykhNA.Sprint0.Task3.V0/Tyuiu.IlinykhNA.Sprint0.Task3.V0.vcxproj" Id="6255e98b-0091-4498-854d-a6d218a81629" />
  </Folder>
  <Folder Name="/Task4/">
    <Project Path="Tyuiu.IlinykhNA.Sprint0.Task.4.V1.Lib/Tyuiu.IlinykhNA.Sprint0.Task.4.V1.Lib.vcxproj" Id="39889712-f2d9-485a-a239-9336496758ca" />
    <Project Path="Tyuiu.IlinykhNA.Sprint0.Task4.V0.Test/Tyuiu.IlinykhNA.Sprint0.Task4.V0.Test.vcxproj" />
    <Project Path="Tyuiu.IlinykhNA.Sprint0.Task4.V0/Tyuiu.IlinykhNA.Sprint0.Task4.V0.vcxproj" Id="d3a2af72-a742-4f18-8342-e12b9baa2d20" />
  </Folder>
  <Folder Name="/Task5/">
    <Project Path="Tyuiu.IlinykhNA.Sprint0.Task5.V0.Lib/Tyuiu.IlinykhNA.Sprint0.Task5.V0.Lib.vcxproj" Id="dee077d1-234a-4510-a2f9-654d1782aaad" />
    <Project Path="Tyuiu.IlinykhNA.Sprint0.Task5.V0.Test/Tyuiu.IlinykhNA.Sprint0.Task5.V0.Test.vcxproj" />
    <Project Path="Tyuiu.IlinykhNA.Sprint0.Task5.V0/Tyuiu.IlinykhNA.Sprint0.Task5.V0.vcxproj" Id="7d1196bf-8881-47b1-8c27-5d3a6e625d9e" />
  </Folder>
</Solution>
